
Microsoft Visual Studio Solution File, Format Version 12.00
# Visual Studio Version 17
VisualStudioVersion = 17.8.34525.116
MinimumVisualStudioVersion = 10.0.40219.1
Project("{FAE04EC0-301F-11D3-BF4B-00C04F79EFBC}") = "Consolenumeros", "Consolenumeros\Consolenumeros.csproj", "{6861706D-5335-480D-83E4-78AA017B3CCE}"
EndProject
Global
	GlobalSection(SolutionConfigurationPlatforms) = preSolution
		Debug|Any CPU = Debug|Any CPU
		Release|Any CPU = Release|Any CPU
	EndGlobalSection
	GlobalSection(ProjectConfigurationPlatforms) = postSolution
		{6861706D-5335-480D-83E4-78AA017B3CCE}.Debug|Any CPU.ActiveCfg = Debug|Any CPU
		{6861706D-5335-480D-83E4-78AA017B3CCE}.Debug|Any CPU.Build.0 = Debug|Any CPU
		{6861706D-5335-480D-83E4-78AA017B3CCE}.Release|Any CPU.ActiveCfg = Release|Any CPU
		{6861706D-5335-480D-83E4-78AA017B3CCE}.Release|Any CPU.Build.0 = Release|Any CPU
	EndGlobalSection
	GlobalSection(SolutionProperties) = preSolution
		HideSolutionNode = FALSE
	EndGlobalSection
	GlobalSection(ExtensibilityGlobals) = postSolution
		SolutionGuid = {E67EEEBB-558D-4CB0-B4D1-C03F9F3D33F8}
	EndGlobalSection
EndGlobal
